// !$*UTF8*$!
{
	archiveVersion = 1;
	classes = {
	};
	objectVersion = 50;
	objects = {

/* Begin PBXBuildFile section */
		A5AF87FF5244EC14B6ACF3CA /* Pods_CurlyGirl.framework in Frameworks */ = {isa = PBXBuildFile; fileRef = 7D49A332AD95342081D4492A /* Pods_CurlyGirl.framework */; };
		B10EFEFC213DAB9D009E4AC0 /* AppDelegate.swift in Sources */ = {isa = PBXBuildFile; fileRef = B10EFEFB213DAB9D009E4AC0 /* AppDelegate.swift */; };
		B10EFEFE213DAB9D009E4AC0 /* MainViewController.swift in Sources */ = {isa = PBXBuildFile; fileRef = B10EFEFD213DAB9D009E4AC0 /* MainViewController.swift */; };
		B10EFF01213DAB9D009E4AC0 /* Main.storyboard in Resources */ = {isa = PBXBuildFile; fileRef = B10EFEFF213DAB9D009E4AC0 /* Main.storyboard */; };
		B10EFF03213DAB9E009E4AC0 /* Assets.xcassets in Resources */ = {isa = PBXBuildFile; fileRef = B10EFF02213DAB9E009E4AC0 /* Assets.xcassets */; };
		B10EFF06213DAB9E009E4AC0 /* LaunchScreen.storyboard in Resources */ = {isa = PBXBuildFile; fileRef = B10EFF04213DAB9E009E4AC0 /* LaunchScreen.storyboard */; };
		B10EFF10213DBFC9009E4AC0 /* ResultViewController.swift in Sources */ = {isa = PBXBuildFile; fileRef = B10EFF0F213DBFC9009E4AC0 /* ResultViewController.swift */; };
		B10EFF19213E9876009E4AC0 /* HairAPI.swift in Sources */ = {isa = PBXBuildFile; fileRef = B10EFF17213E9875009E4AC0 /* HairAPI.swift */; };
		B10EFF1A213E9876009E4AC0 /* Models.swift in Sources */ = {isa = PBXBuildFile; fileRef = B10EFF18213E9876009E4AC0 /* Models.swift */; };
		B10EFF1F213EAB2B009E4AC0 /* QuestionTableViewCell.swift in Sources */ = {isa = PBXBuildFile; fileRef = B10EFF1E213EAB2B009E4AC0 /* QuestionTableViewCell.swift */; };
		B10EFF23213EBA5F009E4AC0 /* ProductsViewController.swift in Sources */ = {isa = PBXBuildFile; fileRef = B10EFF22213EBA5F009E4AC0 /* ProductsViewController.swift */; };
		B12F6CC02144237B006FEFA4 /* SpinnerButtonHelper.swift in Sources */ = {isa = PBXBuildFile; fileRef = B12F6CBE2144237B006FEFA4 /* SpinnerButtonHelper.swift */; };
		B12F6CC12144237B006FEFA4 /* RealmHelper.swift in Sources */ = {isa = PBXBuildFile; fileRef = B12F6CBF2144237B006FEFA4 /* RealmHelper.swift */; };
		B12F6CC2214423AA006FEFA4 /* RealmHelper.swift in Resources */ = {isa = PBXBuildFile; fileRef = B12F6CBF2144237B006FEFA4 /* RealmHelper.swift */; };
		B12F6CC3214423AA006FEFA4 /* SpinnerButtonHelper.swift in Resources */ = {isa = PBXBuildFile; fileRef = B12F6CBE2144237B006FEFA4 /* SpinnerButtonHelper.swift */; };
		B12F6CC621446428006FEFA4 /* ProductTableViewCell.swift in Sources */ = {isa = PBXBuildFile; fileRef = B12F6CC421446428006FEFA4 /* ProductTableViewCell.swift */; };
/* End PBXBuildFile section */

/* Begin PBXFileReference section */
		3F4D1B29AB9D4EDBAAB94EFB /* Pods-CurlyGirl.release.xcconfig */ = {isa = PBXFileReference; includeInIndex = 1; lastKnownFileType = text.xcconfig; name = "Pods-CurlyGirl.release.xcconfig"; path = "Pods/Target Support Files/Pods-CurlyGirl/Pods-CurlyGirl.release.xcconfig"; sourceTree = "<group>"; };
		7D49A332AD95342081D4492A /* Pods_CurlyGirl.framework */ = {isa = PBXFileReference; explicitFileType = wrapper.framework; includeInIndex = 0; path = Pods_CurlyGirl.framework; sourceTree = BUILT_PRODUCTS_DIR; };
		B10EFEF8213DAB9D009E4AC0 /* CurlyGirl.app */ = {isa = PBXFileReference; explicitFileType = wrapper.application; includeInIndex = 0; path = CurlyGirl.app; sourceTree = BUILT_PRODUCTS_DIR; };
		B10EFEFB213DAB9D009E4AC0 /* AppDelegate.swift */ = {isa = PBXFileReference; lastKnownFileType = sourcecode.swift; path = AppDelegate.swift; sourceTree = "<group>"; };
		B10EFEFD213DAB9D009E4AC0 /* MainViewController.swift */ = {isa = PBXFileReference; lastKnownFileType = sourcecode.swift; path = MainViewController.swift; sourceTree = "<group>"; };
		B10EFF00213DAB9D009E4AC0 /* Base */ = {isa = PBXFileReference; lastKnownFileType = file.storyboard; name = Base; path = Base.lproj/Main.storyboard; sourceTree = "<group>"; };
		B10EFF02213DAB9E009E4AC0 /* Assets.xcassets */ = {isa = PBXFileReference; lastKnownFileType = folder.assetcatalog; path = Assets.xcassets; sourceTree = "<group>"; };
		B10EFF05213DAB9E009E4AC0 /* Base */ = {isa = PBXFileReference; lastKnownFileType = file.storyboard; name = Base; path = Base.lproj/LaunchScreen.storyboard; sourceTree = "<group>"; };
		B10EFF07213DAB9E009E4AC0 /* Info.plist */ = {isa = PBXFileReference; lastKnownFileType = text.plist.xml; path = Info.plist; sourceTree = "<group>"; };
		B10EFF0F213DBFC9009E4AC0 /* ResultViewController.swift */ = {isa = PBXFileReference; lastKnownFileType = sourcecode.swift; path = ResultViewController.swift; sourceTree = "<group>"; };
		B10EFF17213E9875009E4AC0 /* HairAPI.swift */ = {isa = PBXFileReference; fileEncoding = 4; lastKnownFileType = sourcecode.swift; path = HairAPI.swift; sourceTree = "<group>"; };
		B10EFF18213E9876009E4AC0 /* Models.swift */ = {isa = PBXFileReference; fileEncoding = 4; lastKnownFileType = sourcecode.swift; path = Models.swift; sourceTree = "<group>"; };
		B10EFF1E213EAB2B009E4AC0 /* QuestionTableViewCell.swift */ = {isa = PBXFileReference; lastKnownFileType = sourcecode.swift; path = QuestionTableViewCell.swift; sourceTree = "<group>"; };
		B10EFF22213EBA5F009E4AC0 /* ProductsViewController.swift */ = {isa = PBXFileReference; lastKnownFileType = sourcecode.swift; path = ProductsViewController.swift; sourceTree = "<group>"; };
		B12F6CBE2144237B006FEFA4 /* SpinnerButtonHelper.swift */ = {isa = PBXFileReference; fileEncoding = 4; lastKnownFileType = sourcecode.swift; path = SpinnerButtonHelper.swift; sourceTree = "<group>"; };
		B12F6CBF2144237B006FEFA4 /* RealmHelper.swift */ = {isa = PBXFileReference; fileEncoding = 4; lastKnownFileType = sourcecode.swift; path = RealmHelper.swift; sourceTree = "<group>"; };
		B12F6CC421446428006FEFA4 /* ProductTableViewCell.swift */ = {isa = PBXFileReference; lastKnownFileType = sourcecode.swift; path = ProductTableViewCell.swift; sourceTree = "<group>"; };
		B90ADA5F5B5DF1B20864E4DF /* Pods-CurlyGirl.debug.xcconfig */ = {isa = PBXFileReference; includeInIndex = 1; lastKnownFileType = text.xcconfig; name = "Pods-CurlyGirl.debug.xcconfig"; path = "Pods/Target Support Files/Pods-CurlyGirl/Pods-CurlyGirl.debug.xcconfig"; sourceTree = "<group>"; };
/* End PBXFileReference section */

/* Begin PBXFrameworksBuildPhase section */
		B10EFEF5213DAB9D009E4AC0 /* Frameworks */ = {
			isa = PBXFrameworksBuildPhase;
			buildActionMask = 2147483647;
			files = (
				A5AF87FF5244EC14B6ACF3CA /* Pods_CurlyGirl.framework in Frameworks */,
			);
			runOnlyForDeploymentPostprocessing = 0;
		};
/* End PBXFrameworksBuildPhase section */

/* Begin PBXGroup section */
		892DB82AF7B88012AC4058B6 /* Frameworks */ = {
			isa = PBXGroup;
			children = (
				7D49A332AD95342081D4492A /* Pods_CurlyGirl.framework */,
			);
			name = Frameworks;
			sourceTree = "<group>";
		};
		B10EFEEF213DAB9D009E4AC0 = {
			isa = PBXGroup;
			children = (
				B10EFEFA213DAB9D009E4AC0 /* CurlyGirl */,
				B10EFEF9213DAB9D009E4AC0 /* Products */,
				B8F4A3B838509E15BFE84556 /* Pods */,
				892DB82AF7B88012AC4058B6 /* Frameworks */,
			);
			sourceTree = "<group>";
		};
		B10EFEF9213DAB9D009E4AC0 /* Products */ = {
			isa = PBXGroup;
			children = (
				B10EFEF8213DAB9D009E4AC0 /* CurlyGirl.app */,
			);
			name = Products;
			sourceTree = "<group>";
		};
		B10EFEFA213DAB9D009E4AC0 /* CurlyGirl */ = {
			isa = PBXGroup;
			children = (
				B12F6CBD21442355006FEFA4 /* Utility */,
				B10EFF16213E984E009E4AC0 /* Network */,
				B10EFEFB213DAB9D009E4AC0 /* AppDelegate.swift */,
				B10EFF0D213DABBB009E4AC0 /* Controllers */,
				B10EFF1D213EAAE7009E4AC0 /* Views */,
				B10EFF0E213DABCF009E4AC0 /* Assets */,
				B10EFF07213DAB9E009E4AC0 /* Info.plist */,
			);
			path = CurlyGirl;
			sourceTree = "<group>";
		};
		B10EFF0D213DABBB009E4AC0 /* Controllers */ = {
			isa = PBXGroup;
			children = (
				B10EFEFD213DAB9D009E4AC0 /* MainViewController.swift */,
				B10EFF0F213DBFC9009E4AC0 /* ResultViewController.swift */,
				B10EFF22213EBA5F009E4AC0 /* ProductsViewController.swift */,
			);
			path = Controllers;
			sourceTree = "<group>";
		};
		B10EFF0E213DABCF009E4AC0 /* Assets */ = {
			isa = PBXGroup;
			children = (
				B10EFEFF213DAB9D009E4AC0 /* Main.storyboard */,
				B10EFF04213DAB9E009E4AC0 /* LaunchScreen.storyboard */,
				B10EFF02213DAB9E009E4AC0 /* Assets.xcassets */,
			);
			path = Assets;
			sourceTree = "<group>";
		};
		B10EFF16213E984E009E4AC0 /* Network */ = {
			isa = PBXGroup;
			children = (
				B10EFF18213E9876009E4AC0 /* Models.swift */,
				B10EFF17213E9875009E4AC0 /* HairAPI.swift */,
			);
			path = Network;
			sourceTree = "<group>";
		};
		B10EFF1D213EAAE7009E4AC0 /* Views */ = {
			isa = PBXGroup;
			children = (
				B10EFF1E213EAB2B009E4AC0 /* QuestionTableViewCell.swift */,
				B12F6CC421446428006FEFA4 /* ProductTableViewCell.swift */,
			);
			path = Views;
			sourceTree = "<group>";
		};
		B12F6CBD21442355006FEFA4 /* Utility */ = {
			isa = PBXGroup;
			children = (
				B12F6CBF2144237B006FEFA4 /* RealmHelper.swift */,
				B12F6CBE2144237B006FEFA4 /* SpinnerButtonHelper.swift */,
			);
			path = Utility;
			sourceTree = "<group>";
		};
		B8F4A3B838509E15BFE84556 /* Pods */ = {
			isa = PBXGroup;
			children = (
				B90ADA5F5B5DF1B20864E4DF /* Pods-CurlyGirl.debug.xcconfig */,
				3F4D1B29AB9D4EDBAAB94EFB /* Pods-CurlyGirl.release.xcconfig */,
			);
			name = Pods;
			sourceTree = "<group>";
		};
/* End PBXGroup section */

/* Begin PBXNativeTarget section */
		B10EFEF7213DAB9D009E4AC0 /* CurlyGirl */ = {
			isa = PBXNativeTarget;
			buildConfigurationList = B10EFF0A213DAB9E009E4AC0 /* Build configuration list for PBXNativeTarget "CurlyGirl" */;
			buildPhases = (
				E9D50D482A86875AA0D3E9D9 /* [CP] Check Pods Manifest.lock */,
				B10EFEF4213DAB9D009E4AC0 /* Sources */,
				B10EFEF5213DAB9D009E4AC0 /* Frameworks */,
				B10EFEF6213DAB9D009E4AC0 /* Resources */,
				863AF98A48A9F98456881D59 /* [CP] Embed Pods Frameworks */,
			);
			buildRules = (
			);
			dependencies = (
			);
			name = CurlyGirl;
			productName = CurlyGirl;
			productReference = B10EFEF8213DAB9D009E4AC0 /* CurlyGirl.app */;
			productType = "com.apple.product-type.application";
		};
/* End PBXNativeTarget section */

/* Begin PBXProject section */
		B10EFEF0213DAB9D009E4AC0 /* Project object */ = {
			isa = PBXProject;
			attributes = {
				LastSwiftUpdateCheck = 0940;
				LastUpgradeCheck = 0940;
				ORGANIZATIONNAME = "Hamna Usmani";
				TargetAttributes = {
					B10EFEF7213DAB9D009E4AC0 = {
						CreatedOnToolsVersion = 9.4.1;
					};
				};
			};
			buildConfigurationList = B10EFEF3213DAB9D009E4AC0 /* Build configuration list for PBXProject "CurlyGirl" */;
			compatibilityVersion = "Xcode 9.3";
			developmentRegion = en;
			hasScannedForEncodings = 0;
			knownRegions = (
				en,
				Base,
			);
			mainGroup = B10EFEEF213DAB9D009E4AC0;
			productRefGroup = B10EFEF9213DAB9D009E4AC0 /* Products */;
			projectDirPath = "";
			projectRoot = "";
			targets = (
				B10EFEF7213DAB9D009E4AC0 /* CurlyGirl */,
			);
		};
/* End PBXProject section */

/* Begin PBXResourcesBuildPhase section */
		B10EFEF6213DAB9D009E4AC0 /* Resources */ = {
			isa = PBXResourcesBuildPhase;
			buildActionMask = 2147483647;
			files = (
				B12F6CC2214423AA006FEFA4 /* RealmHelper.swift in Resources */,
				B12F6CC3214423AA006FEFA4 /* SpinnerButtonHelper.swift in Resources */,
				B10EFF06213DAB9E009E4AC0 /* LaunchScreen.storyboard in Resources */,
				B10EFF03213DAB9E009E4AC0 /* Assets.xcassets in Resources */,
				B10EFF01213DAB9D009E4AC0 /* Main.storyboard in Resources */,
			);
			runOnlyForDeploymentPostprocessing = 0;
		};
/* End PBXResourcesBuildPhase section */

/* Begin PBXShellScriptBuildPhase section */
		863AF98A48A9F98456881D59 /* [CP] Embed Pods Frameworks */ = {
			isa = PBXShellScriptBuildPhase;
			buildActionMask = 2147483647;
			files = (
			);
			inputPaths = (
				"${SRCROOT}/Pods/Target Support Files/Pods-CurlyGirl/Pods-CurlyGirl-frameworks.sh",
				"${BUILT_PRODUCTS_DIR}/Alamofire/Alamofire.framework",
				"${BUILT_PRODUCTS_DIR}/AlamofireObjectMapper/AlamofireObjectMapper.framework",
				"${BUILT_PRODUCTS_DIR}/DynamicBlurView/DynamicBlurView.framework",
				"${BUILT_PRODUCTS_DIR}/MBProgressHUD/MBProgressHUD.framework",
				"${BUILT_PRODUCTS_DIR}/ObjectMapper/ObjectMapper.framework",
				"${BUILT_PRODUCTS_DIR}/ObjectMapper+Realm/ObjectMapper_Realm.framework",
				"${BUILT_PRODUCTS_DIR}/PopupDialog/PopupDialog.framework",
				"${BUILT_PRODUCTS_DIR}/Realm/Realm.framework",
				"${BUILT_PRODUCTS_DIR}/RealmSwift/RealmSwift.framework",
				"${BUILT_PRODUCTS_DIR}/SDWebImage/SDWebImage.framework",
			);
			name = "[CP] Embed Pods Frameworks";
			outputPaths = (
				"${TARGET_BUILD_DIR}/${FRAMEWORKS_FOLDER_PATH}/Alamofire.framework",
				"${TARGET_BUILD_DIR}/${FRAMEWORKS_FOLDER_PATH}/AlamofireObjectMapper.framework",
				"${TARGET_BUILD_DIR}/${FRAMEWORKS_FOLDER_PATH}/DynamicBlurView.framework",
				"${TARGET_BUILD_DIR}/${FRAMEWORKS_FOLDER_PATH}/MBProgressHUD.framework",
				"${TARGET_BUILD_DIR}/${FRAMEWORKS_FOLDER_PATH}/ObjectMapper.framework",
				"${TARGET_BUILD_DIR}/${FRAMEWORKS_FOLDER_PATH}/ObjectMapper_Realm.framework",
				"${TARGET_BUILD_DIR}/${FRAMEWORKS_FOLDER_PATH}/PopupDialog.framework",
				"${TARGET_BUILD_DIR}/${FRAMEWORKS_FOLDER_PATH}/Realm.framework",
				"${TARGET_BUILD_DIR}/${FRAMEWORKS_FOLDER_PATH}/RealmSwift.framework",
				"${TARGET_BUILD_DIR}/${FRAMEWORKS_FOLDER_PATH}/SDWebImage.framework",
			);
			runOnlyForDeploymentPostprocessing = 0;
			shellPath = /bin/sh;
			shellScript = "\"${SRCROOT}/Pods/Target Support Files/Pods-CurlyGirl/Pods-CurlyGirl-frameworks.sh\"\n";
			showEnvVarsInLog = 0;
		};
		E9D50D482A86875AA0D3E9D9 /* [CP] Check Pods Manifest.lock */ = {
			isa = PBXShellScriptBuildPhase;
			buildActionMask = 2147483647;
			files = (
			);
			inputPaths = (
				"${PODS_PODFILE_DIR_PATH}/Podfile.lock",
				"${PODS_ROOT}/Manifest.lock",
			);
			name = "[CP] Check Pods Manifest.lock";
			outputPaths = (
				"$(DERIVED_FILE_DIR)/Pods-CurlyGirl-checkManifestLockResult.txt",
			);
			runOnlyForDeploymentPostprocessing = 0;
			shellPath = /bin/sh;
			shellScript = "diff \"${PODS_PODFILE_DIR_PATH}/Podfile.lock\" \"${PODS_ROOT}/Manifest.lock\" > /dev/null\nif [ $? != 0 ] ; then\n    # print error to STDERR\n    echo \"error: The sandbox is not in sync with the Podfile.lock. Run 'pod install' or update your CocoaPods installation.\" >&2\n    exit 1\nfi\n# This output is used by Xcode 'outputs' to avoid re-running this script phase.\necho \"SUCCESS\" > \"${SCRIPT_OUTPUT_FILE_0}\"\n";
			showEnvVarsInLog = 0;
		};
/* End PBXShellScriptBuildPhase section */

/* Begin PBXSourcesBuildPhase section */
		B10EFEF4213DAB9D009E4AC0 /* Sources */ = {
			isa = PBXSourcesBuildPhase;
			buildActionMask = 2147483647;
			files = (
				B10EFEFE213DAB9D009E4AC0 /* MainViewController.swift in Sources */,
				B10EFF19213E9876009E4AC0 /* HairAPI.swift in Sources */,
				B10EFEFC213DAB9D009E4AC0 /* AppDelegate.swift in Sources */,
				B10EFF1F213EAB2B009E4AC0 /* QuestionTableViewCell.swift in Sources */,
				B12F6CC12144237B006FEFA4 /* RealmHelper.swift in Sources */,
				B10EFF23213EBA5F009E4AC0 /* ProductsViewController.swift in Sources */,
				B10EFF10213DBFC9009E4AC0 /* ResultViewController.swift in Sources */,
				B12F6CC621446428006FEFA4 /* ProductTableViewCell.swift in Sources */,
				B10EFF1A213E9876009E4AC0 /* Models.swift in Sources */,
				B12F6CC02144237B006FEFA4 /* SpinnerButtonHelper.swift in Sources */,
			);
			runOnlyForDeploymentPostprocessing = 0;
		};
/* End PBXSourcesBuildPhase section */

/* Begin PBXVariantGroup section */
		B10EFEFF213DAB9D009E4AC0 /* Main.storyboard */ = {
			isa = PBXVariantGroup;
			children = (
				B10EFF00213DAB9D009E4AC0 /* Base */,
			);
			name = Main.storyboard;
			sourceTree = "<group>";
		};
		B10EFF04213DAB9E009E4AC0 /* LaunchScreen.storyboard */ = {
			isa = PBXVariantGroup;
			children = (
				B10EFF05213DAB9E009E4AC0 /* Base */,
			);
			name = LaunchScreen.storyboard;
			sourceTree = "<group>";
		};
/* End PBXVariantGroup section */

/* Begin XCBuildConfiguration section */
		B10EFF08213DAB9E009E4AC0 /* Debug */ = {
			isa = XCBuildConfiguration;
			buildSettings = {
				ALWAYS_SEARCH_USER_PATHS = NO;
				CLANG_ANALYZER_NONNULL = YES;
				CLANG_ANALYZER_NUMBER_OBJECT_CONVERSION = YES_AGGRESSIVE;
				CLANG_CXX_LANGUAGE_STANDARD = "gnu++14";
				CLANG_CXX_LIBRARY = "libc++";
				CLANG_ENABLE_MODULES = YES;
				CLANG_ENABLE_OBJC_ARC = YES;
				CLANG_ENABLE_OBJC_WEAK = YES;
				CLANG_WARN_BLOCK_CAPTURE_AUTORELEASING = YES;
				CLANG_WARN_BOOL_CONVERSION = YES;
				CLANG_WARN_COMMA = YES;
				CLANG_WARN_CONSTANT_CONVERSION = YES;
				CLANG_WARN_DEPRECATED_OBJC_IMPLEMENTATIONS = YES;
				CLANG_WARN_DIRECT_OBJC_ISA_USAGE = YES_ERROR;
				CLANG_WARN_DOCUMENTATION_COMMENTS = YES;
				CLANG_WARN_EMPTY_BODY = YES;
				CLANG_WARN_ENUM_CONVERSION = YES;
				CLANG_WARN_INFINITE_RECURSION = YES;
				CLANG_WARN_INT_CONVERSION = YES;
				CLANG_WARN_NON_LITERAL_NULL_CONVERSION = YES;
				CLANG_WARN_OBJC_IMPLICIT_RETAIN_SELF = YES;
				CLANG_WARN_OBJC_LITERAL_CONVERSION = YES;
				CLANG_WARN_OBJC_ROOT_CLASS = YES_ERROR;
				CLANG_WARN_RANGE_LOOP_ANALYSIS = YES;
				CLANG_WARN_STRICT_PROTOTYPES = YES;
				CLANG_WARN_SUSPICIOUS_MOVE = YES;
				CLANG_WARN_UNGUARDED_AVAILABILITY = YES_AGGRESSIVE;
				CLANG_WARN_UNREACHABLE_CODE = YES;
				CLANG_WARN__DUPLICATE_METHOD_MATCH = YES;
				CODE_SIGN_IDENTITY = "iPhone Developer";
				COPY_PHASE_STRIP = NO;
				DEBUG_INFORMATION_FORMAT = dwarf;
				ENABLE_STRICT_OBJC_MSGSEND = YES;
				ENABLE_TESTABILITY = YES;
				GCC_C_LANGUAGE_STANDARD = gnu11;
				GCC_DYNAMIC_NO_PIC = NO;
				GCC_NO_COMMON_BLOCKS = YES;
				GCC_OPTIMIZATION_LEVEL = 0;
				GCC_PREPROCESSOR_DEFINITIONS = (
					"DEBUG=1",
					"$(inherited)",
				);
				GCC_WARN_64_TO_32_BIT_CONVERSION = YES;
				GCC_WARN_ABOUT_RETURN_TYPE = YES_ERROR;
				GCC_WARN_UNDECLARED_SELECTOR = YES;
				GCC_WARN_UNINITIALIZED_AUTOS = YES_AGGRESSIVE;
				GCC_WARN_UNUSED_FUNCTION = YES;
				GCC_WARN_UNUSED_VARIABLE = YES;
				IPHONEOS_DEPLOYMENT_TARGET = 11.4;
				MTL_ENABLE_DEBUG_INFO = YES;
				ONLY_ACTIVE_ARCH = YES;
				SDKROOT = iphoneos;
				SWIFT_ACTIVE_COMPILATION_CONDITIONS = DEBUG;
				SWIFT_OPTIMIZATION_LEVEL = "-Onone";
			};
			name = Debug;
		};
		B10EFF09213DAB9E009E4AC0 /* Release */ = {
			isa = XCBuildConfiguration;
			buildSettings = {
				ALWAYS_SEARCH_USER_PATHS = NO;
				CLANG_ANALYZER_NONNULL = YES;
				CLANG_ANALYZER_NUMBER_OBJECT_CONVERSION = YES_AGGRESSIVE;
				CLANG_CXX_LANGUAGE_STANDARD = "gnu++14";
				CLANG_CXX_LIBRARY = "libc++";
				CLANG_ENABLE_MODULES = YES;
				CLANG_ENABLE_OBJC_ARC = YES;
				CLANG_ENABLE_OBJC_WEAK = YES;
				CLANG_WARN_BLOCK_CAPTURE_AUTORELEASING = YES;
				CLANG_WARN_BOOL_CONVERSION = YES;
				CLANG_WARN_COMMA = YES;
				CLANG_WARN_CONSTANT_CONVERSION = YES;
				CLANG_WARN_DEPRECATED_OBJC_IMPLEMENTATIONS = YES;
				CLANG_WARN_DIRECT_OBJC_ISA_USAGE = YES_ERROR;
				CLANG_WARN_DOCUMENTATION_COMMENTS = YES;
				CLANG_WARN_EMPTY_BODY = YES;
				CLANG_WARN_ENUM_CONVERSION = YES;
				CLANG_WARN_INFINITE_RECURSION = YES;
				CLANG_WARN_INT_CONVERSION = YES;
				CLANG_WARN_NON_LITERAL_NULL_CONVERSION = YES;
				CLANG_WARN_OBJC_IMPLICIT_RETAIN_SELF = YES;
				CLANG_WARN_OBJC_LITERAL_CONVERSION = YES;
				CLANG_WARN_OBJC_ROOT_CLASS = YES_ERROR;
				CLANG_WARN_RANGE_LOOP_ANALYSIS = YES;
				CLANG_WARN_STRICT_PROTOTYPES = YES;
				CLANG_WARN_SUSPICIOUS_MOVE = YES;
				CLANG_WARN_UNGUARDED_AVAILABILITY = YES_AGGRESSIVE;
				CLANG_WARN_UNREACHABLE_CODE = YES;
				CLANG_WARN__DUPLICATE_METHOD_MATCH = YES;
				CODE_SIGN_IDENTITY = "iPhone Developer";
				COPY_PHASE_STRIP = NO;
				DEBUG_INFORMATION_FORMAT = "dwarf-with-dsym";
				ENABLE_NS_ASSERTIONS = NO;
				ENABLE_STRICT_OBJC_MSGSEND = YES;
				GCC_C_LANGUAGE_STANDARD = gnu11;
				GCC_NO_COMMON_BLOCKS = YES;
				GCC_WARN_64_TO_32_BIT_CONVERSION = YES;
				GCC_WARN_ABOUT_RETURN_TYPE = YES_ERROR;
				GCC_WARN_UNDECLARED_SELECTOR = YES;
				GCC_WARN_UNINITIALIZED_AUTOS = YES_AGGRESSIVE;
				GCC_WARN_UNUSED_FUNCTION = YES;
				GCC_WARN_UNUSED_VARIABLE = YES;
				IPHONEOS_DEPLOYMENT_TARGET = 11.4;
				MTL_ENABLE_DEBUG_INFO = NO;
				SDKROOT = iphoneos;
				SWIFT_COMPILATION_MODE = wholemodule;
				SWIFT_OPTIMIZATION_LEVEL = "-O";
				VALIDATE_PRODUCT = YES;
			};
			name = Release;
		};
		B10EFF0B213DAB9E009E4AC0 /* Debug */ = {
			isa = XCBuildConfiguration;
			baseConfigurationReference = B90ADA5F5B5DF1B20864E4DF /* Pods-CurlyGirl.debug.xcconfig */;
			buildSettings = {
				ASSETCATALOG_COMPILER_APPICON_NAME = AppIcon;
				CODE_SIGN_STYLE = Automatic;
				INFOPLIST_FILE = CurlyGirl/Info.plist;
				LD_RUNPATH_SEARCH_PATHS = (
					"$(inherited)",
					"@executable_path/Frameworks",
				);
				PRODUCT_BUNDLE_IDENTIFIER = com.CurlyGirl;
				PRODUCT_NAME = "$(TARGET_NAME)";
				SWIFT_VERSION = 4.0;
				TARGETED_DEVICE_FAMILY = "1,2";
			};
			name = Debug;
		};
		B10EFF0C213DAB9E009E4AC0 /* Release */ = {
			isa = XCBuildConfiguration;
			baseConfigurationReference = 3F4D1B29AB9D4EDBAAB94EFB /* Pods-CurlyGirl.release.xcconfig */;
			buildSettings = {
				ASSETCATALOG_COMPILER_APPICON_NAME = AppIcon;
				CODE_SIGN_STYLE = Automatic;
				INFOPLIST_FILE = CurlyGirl/Info.plist;
				LD_RUNPATH_SEARCH_PATHS = (
					"$(inherited)",
					"@executable_path/Frameworks",
				);
				PRODUCT_BUNDLE_IDENTIFIER = com.CurlyGirl;
				PRODUCT_NAME = "$(TARGET_NAME)";
				SWIFT_VERSION = 4.0;
				TARGETED_DEVICE_FAMILY = "1,2";
			};
			name = Release;
		};
/* End XCBuildConfiguration section */

/* Begin XCConfigurationList section */
		B10EFEF3213DAB9D009E4AC0 /* Build configuration list for PBXProject "CurlyGirl" */ = {
			isa = XCConfigurationList;
			buildConfigurations = (
				B10EFF08213DAB9E009E4AC0 /* Debug */,
				B10EFF09213DAB9E009E4AC0 /* Release */,
			);
			defaultConfigurationIsVisible = 0;
			defaultConfigurationName = Release;
		};
		B10EFF0A213DAB9E009E4AC0 /* Build configuration list for PBXNativeTarget "CurlyGirl" */ = {
			isa = XCConfigurationList;
			buildConfigurations = (
				B10EFF0B213DAB9E009E4AC0 /* Debug */,
				B10EFF0C213DAB9E009E4AC0 /* Release */,
			);
			defaultConfigurationIsVisible = 0;
			defaultConfigurationName = Release;
		};
/* End XCConfigurationList section */
	};
	rootObject = B10EFEF0213DAB9D009E4AC0 /* Project object */;
}
